
Microsoft Visual Studio Solution File, Format Version 12.00
# Visual Studio Version 17
VisualStudioVersion = 17.10.35013.160
MinimumVisualStudioVersion = 10.0.40219.1
Project("{FAE04EC0-301F-11D3-BF4B-00C04F79EFBC}") = "JustLoginTest", "JustLoginTest\JustLoginTest.csproj", "{A3B3CB22-866E-47A8-8F05-5D77AD933B9A}"
EndProject
Global
	GlobalSection(SolutionConfigurationPlatforms) = preSolution
		Debug|Any CPU = Debug|Any CPU
		Release|Any CPU = Release|Any CPU
	EndGlobalSection
	GlobalSection(ProjectConfigurationPlatforms) = postSolution
		{A3B3CB22-866E-47A8-8F05-5D77AD933B9A}.Debug|Any CPU.ActiveCfg = Debug|Any CPU
		{A3B3CB22-866E-47A8-8F05-5D77AD933B9A}.Debug|Any CPU.Build.0 = Debug|Any CPU
		{A3B3CB22-866E-47A8-8F05-5D77AD933B9A}.Release|Any CPU.ActiveCfg = Release|Any CPU
		{A3B3CB22-866E-47A8-8F05-5D77AD933B9A}.Release|Any CPU.Build.0 = Release|Any CPU
	EndGlobalSection
	GlobalSection(SolutionProperties) = preSolution
		HideSolutionNode = FALSE
	EndGlobalSection
	GlobalSection(ExtensibilityGlobals) = postSolution
		SolutionGuid = {6BA59507-F70C-49BB-854A-497BB09FACE3}
	EndGlobalSection
EndGlobal
